// !$*UTF8*$!
{
	archiveVersion = 1;
	classes = {
	};
	objectVersion = 46;
	objects = {

/* Begin PBXBuildFile section */
		4537715C1D913F27002EBCE3 /* CurrentWeather.swift in Sources */ = {isa = PBXBuildFile; fileRef = 4537715B1D913F27002EBCE3 /* CurrentWeather.swift */; };
		453E44141D90FF100099C148 /* AppDelegate.swift in Sources */ = {isa = PBXBuildFile; fileRef = 453E44131D90FF100099C148 /* AppDelegate.swift */; };
		453E44161D90FF100099C148 /* WeatherViewController.swift in Sources */ = {isa = PBXBuildFile; fileRef = 453E44151D90FF100099C148 /* WeatherViewController.swift */; };
		453E44191D90FF100099C148 /* Main.storyboard in Resources */ = {isa = PBXBuildFile; fileRef = 453E44171D90FF100099C148 /* Main.storyboard */; };
		453E441B1D90FF100099C148 /* Assets.xcassets in Resources */ = {isa = PBXBuildFile; fileRef = 453E441A1D90FF100099C148 /* Assets.xcassets */; };
		453E441E1D90FF100099C148 /* LaunchScreen.storyboard in Resources */ = {isa = PBXBuildFile; fileRef = 453E441C1D90FF100099C148 /* LaunchScreen.storyboard */; };
		453E44301D912C710099C148 /* OpenWeather.swift in Sources */ = {isa = PBXBuildFile; fileRef = 453E442F1D912C710099C148 /* OpenWeather.swift */; };
		4587CA631D93DC57009CC7E5 /* Forecast.swift in Sources */ = {isa = PBXBuildFile; fileRef = 4587CA621D93DC57009CC7E5 /* Forecast.swift */; };
		4587CA651D94C526009CC7E5 /* WeatherData.swift in Sources */ = {isa = PBXBuildFile; fileRef = 4587CA641D94C526009CC7E5 /* WeatherData.swift */; };
		4587CA671D94F42E009CC7E5 /* WeatherCell.swift in Sources */ = {isa = PBXBuildFile; fileRef = 4587CA661D94F42E009CC7E5 /* WeatherCell.swift */; };
		4587CA691D951746009CC7E5 /* Location.swift in Sources */ = {isa = PBXBuildFile; fileRef = 4587CA681D951746009CC7E5 /* Location.swift */; };
		D1335B5D9F8C90E55049DB89 /* Pods_Weathers.framework in Frameworks */ = {isa = PBXBuildFile; fileRef = EB3D41F74A400005AFE7D7E1 /* Pods_Weathers.framework */; };
/* End PBXBuildFile section */

/* Begin PBXFileReference section */
		4537715B1D913F27002EBCE3 /* CurrentWeather.swift */ = {isa = PBXFileReference; fileEncoding = 4; lastKnownFileType = sourcecode.swift; path = CurrentWeather.swift; sourceTree = "<group>"; };
		453E44101D90FF100099C148 /* Weathers.app */ = {isa = PBXFileReference; explicitFileType = wrapper.application; includeInIndex = 0; path = Weathers.app; sourceTree = BUILT_PRODUCTS_DIR; };
		453E44131D90FF100099C148 /* AppDelegate.swift */ = {isa = PBXFileReference; lastKnownFileType = sourcecode.swift; path = AppDelegate.swift; sourceTree = "<group>"; };
		453E44151D90FF100099C148 /* WeatherViewController.swift */ = {isa = PBXFileReference; lastKnownFileType = sourcecode.swift; path = WeatherViewController.swift; sourceTree = "<group>"; };
		453E44181D90FF100099C148 /* Base */ = {isa = PBXFileReference; lastKnownFileType = file.storyboard; name = Base; path = Base.lproj/Main.storyboard; sourceTree = "<group>"; };
		453E441A1D90FF100099C148 /* Assets.xcassets */ = {isa = PBXFileReference; lastKnownFileType = folder.assetcatalog; path = Assets.xcassets; sourceTree = "<group>"; };
		453E441D1D90FF100099C148 /* Base */ = {isa = PBXFileReference; lastKnownFileType = file.storyboard; name = Base; path = Base.lproj/LaunchScreen.storyboard; sourceTree = "<group>"; };
		453E441F1D90FF100099C148 /* Info.plist */ = {isa = PBXFileReference; lastKnownFileType = text.plist.xml; path = Info.plist; sourceTree = "<group>"; };
		453E442F1D912C710099C148 /* OpenWeather.swift */ = {isa = PBXFileReference; fileEncoding = 4; lastKnownFileType = sourcecode.swift; path = OpenWeather.swift; sourceTree = "<group>"; };
		4587CA621D93DC57009CC7E5 /* Forecast.swift */ = {isa = PBXFileReference; fileEncoding = 4; lastKnownFileType = sourcecode.swift; path = Forecast.swift; sourceTree = "<group>"; };
		4587CA641D94C526009CC7E5 /* WeatherData.swift */ = {isa = PBXFileReference; fileEncoding = 4; lastKnownFileType = sourcecode.swift; path = WeatherData.swift; sourceTree = "<group>"; };
		4587CA661D94F42E009CC7E5 /* WeatherCell.swift */ = {isa = PBXFileReference; fileEncoding = 4; lastKnownFileType = sourcecode.swift; path = WeatherCell.swift; sourceTree = "<group>"; };
		4587CA681D951746009CC7E5 /* Location.swift */ = {isa = PBXFileReference; fileEncoding = 4; lastKnownFileType = sourcecode.swift; path = Location.swift; sourceTree = "<group>"; };
		7CF985D5AED139772CA550DD /* Pods-Weathers.debug.xcconfig */ = {isa = PBXFileReference; includeInIndex = 1; lastKnownFileType = text.xcconfig; name = "Pods-Weathers.debug.xcconfig"; path = "Pods/Target Support Files/Pods-Weathers/Pods-Weathers.debug.xcconfig"; sourceTree = "<group>"; };
		B060FF5B641C09494B37E0B9 /* Pods-Weathers.release.xcconfig */ = {isa = PBXFileReference; includeInIndex = 1; lastKnownFileType = text.xcconfig; name = "Pods-Weathers.release.xcconfig"; path = "Pods/Target Support Files/Pods-Weathers/Pods-Weathers.release.xcconfig"; sourceTree = "<group>"; };
		EB3D41F74A400005AFE7D7E1 /* Pods_Weathers.framework */ = {isa = PBXFileReference; explicitFileType = wrapper.framework; includeInIndex = 0; path = Pods_Weathers.framework; sourceTree = BUILT_PRODUCTS_DIR; };
/* End PBXFileReference section */

/* Begin PBXFrameworksBuildPhase section */
		453E440D1D90FF100099C148 /* Frameworks */ = {
			isa = PBXFrameworksBuildPhase;
			buildActionMask = 2147483647;
			files = (
				D1335B5D9F8C90E55049DB89 /* Pods_Weathers.framework in Frameworks */,
			);
			runOnlyForDeploymentPostprocessing = 0;
		};
/* End PBXFrameworksBuildPhase section */

/* Begin PBXGroup section */
		4537715D1D92252A002EBCE3 /* Protocol+Extension */ = {
			isa = PBXGroup;
			children = (
				4587CA641D94C526009CC7E5 /* WeatherData.swift */,
			);
			name = "Protocol+Extension";
			sourceTree = "<group>";
		};
		453E44071D90FF0F0099C148 = {
			isa = PBXGroup;
			children = (
				453E44121D90FF100099C148 /* Weathers */,
				453E44111D90FF100099C148 /* Products */,
				BD6B56E8563F4CD07C708C56 /* Pods */,
				7F7AF0D321E720BE2601810E /* Frameworks */,
			);
			sourceTree = "<group>";
		};
		453E44111D90FF100099C148 /* Products */ = {
			isa = PBXGroup;
			children = (
				453E44101D90FF100099C148 /* Weathers.app */,
			);
			name = Products;
			sourceTree = "<group>";
		};
		453E44121D90FF100099C148 /* Weathers */ = {
			isa = PBXGroup;
			children = (
				453E442A1D9110970099C148 /* Resources */,
				4537715D1D92252A002EBCE3 /* Protocol+Extension */,
				453E44281D910FB00099C148 /* Model */,
				453E44261D910F910099C148 /* View */,
				453E44251D910F880099C148 /* Controller */,
			);
			path = Weathers;
			sourceTree = "<group>";
		};
		453E44251D910F880099C148 /* Controller */ = {
			isa = PBXGroup;
			children = (
				453E44131D90FF100099C148 /* AppDelegate.swift */,
				453E44151D90FF100099C148 /* WeatherViewController.swift */,
			);
			name = Controller;
			sourceTree = "<group>";
		};
		453E44261D910F910099C148 /* View */ = {
			isa = PBXGroup;
			children = (
				453E441C1D90FF100099C148 /* LaunchScreen.storyboard */,
				453E44171D90FF100099C148 /* Main.storyboard */,
				4587CA661D94F42E009CC7E5 /* WeatherCell.swift */,
			);
			name = View;
			sourceTree = "<group>";
		};
		453E44281D910FB00099C148 /* Model */ = {
			isa = PBXGroup;
			children = (
				453E442F1D912C710099C148 /* OpenWeather.swift */,
				4537715B1D913F27002EBCE3 /* CurrentWeather.swift */,
				4587CA621D93DC57009CC7E5 /* Forecast.swift */,
				4587CA681D951746009CC7E5 /* Location.swift */,
			);
			name = Model;
			sourceTree = "<group>";
		};
		453E442A1D9110970099C148 /* Resources */ = {
			isa = PBXGroup;
			children = (
				453E441A1D90FF100099C148 /* Assets.xcassets */,
				453E441F1D90FF100099C148 /* Info.plist */,
			);
			name = Resources;
			sourceTree = "<group>";
		};
		7F7AF0D321E720BE2601810E /* Frameworks */ = {
			isa = PBXGroup;
			children = (
				EB3D41F74A400005AFE7D7E1 /* Pods_Weathers.framework */,
			);
			name = Frameworks;
			sourceTree = "<group>";
		};
		BD6B56E8563F4CD07C708C56 /* Pods */ = {
			isa = PBXGroup;
			children = (
				7CF985D5AED139772CA550DD /* Pods-Weathers.debug.xcconfig */,
				B060FF5B641C09494B37E0B9 /* Pods-Weathers.release.xcconfig */,
			);
			name = Pods;
			sourceTree = "<group>";
		};
/* End PBXGroup section */

/* Begin PBXNativeTarget section */
		453E440F1D90FF100099C148 /* Weathers */ = {
			isa = PBXNativeTarget;
			buildConfigurationList = 453E44221D90FF100099C148 /* Build configuration list for PBXNativeTarget "Weathers" */;
			buildPhases = (
				F3B7DA5AF0586B875C947B3F /* [CP] Check Pods Manifest.lock */,
				453E440C1D90FF100099C148 /* Sources */,
				453E440D1D90FF100099C148 /* Frameworks */,
				453E440E1D90FF100099C148 /* Resources */,
				A5B162E67ED604831F370EF3 /* [CP] Embed Pods Frameworks */,
				5D6C5853F095F82367E193A9 /* [CP] Copy Pods Resources */,
			);
			buildRules = (
			);
			dependencies = (
			);
			name = Weathers;
			productName = Weathers;
			productReference = 453E44101D90FF100099C148 /* Weathers.app */;
			productType = "com.apple.product-type.application";
		};
/* End PBXNativeTarget section */

/* Begin PBXProject section */
		453E44081D90FF0F0099C148 /* Project object */ = {
			isa = PBXProject;
			attributes = {
				LastSwiftUpdateCheck = 0800;
				LastUpgradeCheck = 0800;
				ORGANIZATIONNAME = "Chris Huang";
				TargetAttributes = {
					453E440F1D90FF100099C148 = {
						CreatedOnToolsVersion = 8.0;
						DevelopmentTeam = X5GHG6Y372;
						LastSwiftMigration = 0800;
						ProvisioningStyle = Automatic;
					};
				};
			};
			buildConfigurationList = 453E440B1D90FF0F0099C148 /* Build configuration list for PBXProject "Weathers" */;
			compatibilityVersion = "Xcode 3.2";
			developmentRegion = English;
			hasScannedForEncodings = 0;
			knownRegions = (
				en,
				Base,
			);
			mainGroup = 453E44071D90FF0F0099C148;
			productRefGroup = 453E44111D90FF100099C148 /* Products */;
			projectDirPath = "";
			projectRoot = "";
			targets = (
				453E440F1D90FF100099C148 /* Weathers */,
			);
		};
/* End PBXProject section */

/* Begin PBXResourcesBuildPhase section */
		453E440E1D90FF100099C148 /* Resources */ = {
			isa = PBXResourcesBuildPhase;
			buildActionMask = 2147483647;
			files = (
				453E441E1D90FF100099C148 /* LaunchScreen.storyboard in Resources */,
				453E441B1D90FF100099C148 /* Assets.xcassets in Resources */,
				453E44191D90FF100099C148 /* Main.storyboard in Resources */,
			);
			runOnlyForDeploymentPostprocessing = 0;
		};
/* End PBXResourcesBuildPhase section */

/* Begin PBXShellScriptBuildPhase section */
		5D6C5853F095F82367E193A9 /* [CP] Copy Pods Resources */ = {
			isa = PBXShellScriptBuildPhase;
			buildActionMask = 2147483647;
			files = (
			);
			inputPaths = (
			);
			name = "[CP] Copy Pods Resources";
			outputPaths = (
			);
			runOnlyForDeploymentPostprocessing = 0;
			shellPath = /bin/sh;
			shellScript = "\"${SRCROOT}/Pods/Target Support Files/Pods-Weathers/Pods-Weathers-resources.sh\"\n";
			showEnvVarsInLog = 0;
		};
		A5B162E67ED604831F370EF3 /* [CP] Embed Pods Frameworks */ = {
			isa = PBXShellScriptBuildPhase;
			buildActionMask = 2147483647;
			files = (
			);
			inputPaths = (
			);
			name = "[CP] Embed Pods Frameworks";
			outputPaths = (
			);
			runOnlyForDeploymentPostprocessing = 0;
			shellPath = /bin/sh;
			shellScript = "\"${SRCROOT}/Pods/Target Support Files/Pods-Weathers/Pods-Weathers-frameworks.sh\"\n";
			showEnvVarsInLog = 0;
		};
		F3B7DA5AF0586B875C947B3F /* [CP] Check Pods Manifest.lock */ = {
			isa = PBXShellScriptBuildPhase;
			buildActionMask = 2147483647;
			files = (
			);
			inputPaths = (
			);
			name = "[CP] Check Pods Manifest.lock";
			outputPaths = (
			);
			runOnlyForDeploymentPostprocessing = 0;
			shellPath = /bin/sh;
			shellScript = "diff \"${PODS_ROOT}/../Podfile.lock\" \"${PODS_ROOT}/Manifest.lock\" > /dev/null\nif [[ $? != 0 ]] ; then\n    cat << EOM\nerror: The sandbox is not in sync with the Podfile.lock. Run 'pod install' or update your CocoaPods installation.\nEOM\n    exit 1\nfi\n";
			showEnvVarsInLog = 0;
		};
/* End PBXShellScriptBuildPhase section */

/* Begin PBXSourcesBuildPhase section */
		453E440C1D90FF100099C148 /* Sources */ = {
			isa = PBXSourcesBuildPhase;
			buildActionMask = 2147483647;
			files = (
				453E44161D90FF100099C148 /* WeatherViewController.swift in Sources */,
				453E44141D90FF100099C148 /* AppDelegate.swift in Sources */,
				4587CA691D951746009CC7E5 /* Location.swift in Sources */,
				4537715C1D913F27002EBCE3 /* CurrentWeather.swift in Sources */,
				453E44301D912C710099C148 /* OpenWeather.swift in Sources */,
				4587CA651D94C526009CC7E5 /* WeatherData.swift in Sources */,
				4587CA631D93DC57009CC7E5 /* Forecast.swift in Sources */,
				4587CA671D94F42E009CC7E5 /* WeatherCell.swift in Sources */,
			);
			runOnlyForDeploymentPostprocessing = 0;
		};
/* End PBXSourcesBuildPhase section */

/* Begin PBXVariantGroup section */
		453E44171D90FF100099C148 /* Main.storyboard */ = {
			isa = PBXVariantGroup;
			children = (
				453E44181D90FF100099C148 /* Base */,
			);
			name = Main.storyboard;
			sourceTree = "<group>";
		};
		453E441C1D90FF100099C148 /* LaunchScreen.storyboard */ = {
			isa = PBXVariantGroup;
			children = (
				453E441D1D90FF100099C148 /* Base */,
			);
			name = LaunchScreen.storyboard;
			sourceTree = "<group>";
		};
/* End PBXVariantGroup section */

/* Begin XCBuildConfiguration section */
		453E44201D90FF100099C148 /* Debug */ = {
			isa = XCBuildConfiguration;
			buildSettings = {
				ALWAYS_SEARCH_USER_PATHS = NO;
				CLANG_ANALYZER_NONNULL = YES;
				CLANG_CXX_LANGUAGE_STANDARD = "gnu++0x";
				CLANG_CXX_LIBRARY = "libc++";
				CLANG_ENABLE_MODULES = YES;
				CLANG_ENABLE_OBJC_ARC = YES;
				CLANG_WARN_BOOL_CONVERSION = YES;
				CLANG_WARN_CONSTANT_CONVERSION = YES;
				CLANG_WARN_DIRECT_OBJC_ISA_USAGE = YES_ERROR;
				CLANG_WARN_DOCUMENTATION_COMMENTS = YES;
				CLANG_WARN_EMPTY_BODY = YES;
				CLANG_WARN_ENUM_CONVERSION = YES;
				CLANG_WARN_INFINITE_RECURSION = YES;
				CLANG_WARN_INT_CONVERSION = YES;
				CLANG_WARN_OBJC_ROOT_CLASS = YES_ERROR;
				CLANG_WARN_SUSPICIOUS_MOVE = YES;
				CLANG_WARN_SUSPICIOUS_MOVES = YES;
				CLANG_WARN_UNREACHABLE_CODE = YES;
				CLANG_WARN__DUPLICATE_METHOD_MATCH = YES;
				"CODE_SIGN_IDENTITY[sdk=iphoneos*]" = "iPhone Developer";
				COPY_PHASE_STRIP = NO;
				DEBUG_INFORMATION_FORMAT = dwarf;
				ENABLE_STRICT_OBJC_MSGSEND = YES;
				ENABLE_TESTABILITY = YES;
				GCC_C_LANGUAGE_STANDARD = gnu99;
				GCC_DYNAMIC_NO_PIC = NO;
				GCC_NO_COMMON_BLOCKS = YES;
				GCC_OPTIMIZATION_LEVEL = 0;
				GCC_PREPROCESSOR_DEFINITIONS = (
					"DEBUG=1",
					"$(inherited)",
				);
				GCC_WARN_64_TO_32_BIT_CONVERSION = YES;
				GCC_WARN_ABOUT_RETURN_TYPE = YES_ERROR;
				GCC_WARN_UNDECLARED_SELECTOR = YES;
				GCC_WARN_UNINITIALIZED_AUTOS = YES_AGGRESSIVE;
				GCC_WARN_UNUSED_FUNCTION = YES;
				GCC_WARN_UNUSED_VARIABLE = YES;
				IPHONEOS_DEPLOYMENT_TARGET = 10.0;
				MTL_ENABLE_DEBUG_INFO = YES;
				ONLY_ACTIVE_ARCH = YES;
				SDKROOT = iphoneos;
				SWIFT_ACTIVE_COMPILATION_CONDITIONS = DEBUG;
				SWIFT_OPTIMIZATION_LEVEL = "-Onone";
				TARGETED_DEVICE_FAMILY = "1,2";
			};
			name = Debug;
		};
		453E44211D90FF100099C148 /* Release */ = {
			isa = XCBuildConfiguration;
			buildSettings = {
				ALWAYS_SEARCH_USER_PATHS = NO;
				CLANG_ANALYZER_NONNULL = YES;
				CLANG_CXX_LANGUAGE_STANDARD = "gnu++0x";
				CLANG_CXX_LIBRARY = "libc++";
				CLANG_ENABLE_MODULES = YES;
				CLANG_ENABLE_OBJC_ARC = YES;
				CLANG_WARN_BOOL_CONVERSION = YES;
				CLANG_WARN_CONSTANT_CONVERSION = YES;
				CLANG_WARN_DIRECT_OBJC_ISA_USAGE = YES_ERROR;
				CLANG_WARN_DOCUMENTATION_COMMENTS = YES;
				CLANG_WARN_EMPTY_BODY = YES;
				CLANG_WARN_ENUM_CONVERSION = YES;
				CLANG_WARN_INFINITE_RECURSION = YES;
				CLANG_WARN_INT_CONVERSION = YES;
				CLANG_WARN_OBJC_ROOT_CLASS = YES_ERROR;
				CLANG_WARN_SUSPICIOUS_MOVE = YES;
				CLANG_WARN_SUSPICIOUS_MOVES = YES;
				CLANG_WARN_UNREACHABLE_CODE = YES;
				CLANG_WARN__DUPLICATE_METHOD_MATCH = YES;
				"CODE_SIGN_IDENTITY[sdk=iphoneos*]" = "iPhone Developer";
				COPY_PHASE_STRIP = NO;
				DEBUG_INFORMATION_FORMAT = "dwarf-with-dsym";
				ENABLE_NS_ASSERTIONS = NO;
				ENABLE_STRICT_OBJC_MSGSEND = YES;
				GCC_C_LANGUAGE_STANDARD = gnu99;
				GCC_NO_COMMON_BLOCKS = YES;
				GCC_WARN_64_TO_32_BIT_CONVERSION = YES;
				GCC_WARN_ABOUT_RETURN_TYPE = YES_ERROR;
				GCC_WARN_UNDECLARED_SELECTOR = YES;
				GCC_WARN_UNINITIALIZED_AUTOS = YES_AGGRESSIVE;
				GCC_WARN_UNUSED_FUNCTION = YES;
				GCC_WARN_UNUSED_VARIABLE = YES;
				IPHONEOS_DEPLOYMENT_TARGET = 10.0;
				MTL_ENABLE_DEBUG_INFO = NO;
				SDKROOT = iphoneos;
				SWIFT_OPTIMIZATION_LEVEL = "-Owholemodule";
				TARGETED_DEVICE_FAMILY = "1,2";
				VALIDATE_PRODUCT = YES;
			};
			name = Release;
		};
		453E44231D90FF100099C148 /* Debug */ = {
			isa = XCBuildConfiguration;
			baseConfigurationReference = 7CF985D5AED139772CA550DD /* Pods-Weathers.debug.xcconfig */;
			buildSettings = {
				ALWAYS_EMBED_SWIFT_STANDARD_LIBRARIES = YES;
				ASSETCATALOG_COMPILER_APPICON_NAME = AppIcon;
				DEVELOPMENT_TEAM = X5GHG6Y372;
				INFOPLIST_FILE = Weathers/Info.plist;
				LD_RUNPATH_SEARCH_PATHS = "$(inherited) @executable_path/Frameworks";
				PRODUCT_BUNDLE_IDENTIFIER = com.DevXris.Weathers;
				PRODUCT_NAME = "$(TARGET_NAME)";
				SWIFT_VERSION = 3.0;
			};
			name = Debug;
		};
		453E44241D90FF100099C148 /* Release */ = {
			isa = XCBuildConfiguration;
			baseConfigurationReference = B060FF5B641C09494B37E0B9 /* Pods-Weathers.release.xcconfig */;
			buildSettings = {
				ALWAYS_EMBED_SWIFT_STANDARD_LIBRARIES = YES;
				ASSETCATALOG_COMPILER_APPICON_NAME = AppIcon;
				DEVELOPMENT_TEAM = X5GHG6Y372;
				INFOPLIST_FILE = Weathers/Info.plist;
				LD_RUNPATH_SEARCH_PATHS = "$(inherited) @executable_path/Frameworks";
				PRODUCT_BUNDLE_IDENTIFIER = com.DevXris.Weathers;
				PRODUCT_NAME = "$(TARGET_NAME)";
				SWIFT_VERSION = 3.0;
			};
			name = Release;
		};
/* End XCBuildConfiguration section */

/* Begin XCConfigurationList section */
		453E440B1D90FF0F0099C148 /* Build configuration list for PBXProject "Weathers" */ = {
			isa = XCConfigurationList;
			buildConfigurations = (
				453E44201D90FF100099C148 /* Debug */,
				453E44211D90FF100099C148 /* Release */,
			);
			defaultConfigurationIsVisible = 0;
			defaultConfigurationName = Release;
		};
		453E44221D90FF100099C148 /* Build configuration list for PBXNativeTarget "Weathers" */ = {
			isa = XCConfigurationList;
			buildConfigurations = (
				453E44231D90FF100099C148 /* Debug */,
				453E44241D90FF100099C148 /* Release */,
			);
			defaultConfigurationIsVisible = 0;
			defaultConfigurationName = Release;
		};
/* End XCConfigurationList section */
	};
	rootObject = 453E44081D90FF0F0099C148 /* Project object */;
}
